
Microsoft Visual Studio Solution File, Format Version 12.00
# Visual Studio Version 17
VisualStudioVersion = 17.2.32630.192
MinimumVisualStudioVersion = 10.0.40219.1
Project("{9A19103F-16F7-4668-BE54-9A1E7A4F7556}") = "Pondrop.Service.Store.Api", "src\Pondrop.Service.Store.Api\Pondrop.Service.Store.Api.csproj", "{C7A42AB9-2B15-421B-BD04-B9F19CC26E5A}"
EndProject
Project("{9A19103F-16F7-4668-BE54-9A1E7A4F7556}") = "Pondrop.Service.Store.Application", "src\Pondrop.Service.Store.Application\Pondrop.Service.Store.Application.csproj", "{1B357177-1980-4089-8C38-8D96A5D4F647}"
EndProject
Project("{9A19103F-16F7-4668-BE54-9A1E7A4F7556}") = "Pondrop.Service.Store.Domain", "src\Pondrop.Service.Store.Domain\Pondrop.Service.Store.Domain.csproj", "{2A55C489-192F-4FC0-8B6E-4D309FCA840C}"
EndProject
Project("{2150E333-8FDC-42A3-9474-1A3956D46DE8}") = "SolutionItems", "SolutionItems", "{39BE973D-5AB1-4C24-9B78-05C4659D6638}"
	ProjectSection(SolutionItems) = preProject
		.editorconfig = .editorconfig
	EndProjectSection
EndProject
Project("{9A19103F-16F7-4668-BE54-9A1E7A4F7556}") = "Pondrop.Service.Store.Api.Tests", "tests\Pondrop.Service.Store.Api.Tests\Pondrop.Service.Store.Api.Tests.csproj", "{AC2FE504-A159-4285-B439-C182E999DF2A}"
EndProject
Project("{2150E333-8FDC-42A3-9474-1A3956D46DE8}") = "Tests", "Tests", "{562E9EBD-E544-4620-A7DA-478856114F15}"
EndProject
Project("{9A19103F-16F7-4668-BE54-9A1E7A4F7556}") = "Pondrop.Service.Store.Application.Tests", "tests\Pondrop.Service.Store.Application.Tests\Pondrop.Service.Store.Application.Tests.csproj", "{0B60A47D-BD9B-4D1B-939A-E6C73325BC09}"
EndProject
Project("{9A19103F-16F7-4668-BE54-9A1E7A4F7556}") = "Pondrop.Service.Store.Domain.Tests", "tests\Pondrop.Service.Store.Domain.Tests\Pondrop.Service.Store.Domain.Tests.csproj", "{2527BE8F-3221-43E8-B954-87AF06EC3EB0}"
EndProject
Global
	GlobalSection(SolutionConfigurationPlatforms) = preSolution
		Debug|Any CPU = Debug|Any CPU
		Release|Any CPU = Release|Any CPU
	EndGlobalSection
	GlobalSection(ProjectConfigurationPlatforms) = postSolution
		{C7A42AB9-2B15-421B-BD04-B9F19CC26E5A}.Debug|Any CPU.ActiveCfg = Debug|Any CPU
		{C7A42AB9-2B15-421B-BD04-B9F19CC26E5A}.Debug|Any CPU.Build.0 = Debug|Any CPU
		{C7A42AB9-2B15-421B-BD04-B9F19CC26E5A}.Release|Any CPU.ActiveCfg = Release|Any CPU
		{C7A42AB9-2B15-421B-BD04-B9F19CC26E5A}.Release|Any CPU.Build.0 = Release|Any CPU
		{1B357177-1980-4089-8C38-8D96A5D4F647}.Debug|Any CPU.ActiveCfg = Debug|Any CPU
		{1B357177-1980-4089-8C38-8D96A5D4F647}.Debug|Any CPU.Build.0 = Debug|Any CPU
		{1B357177-1980-4089-8C38-8D96A5D4F647}.Release|Any CPU.ActiveCfg = Release|Any CPU
		{1B357177-1980-4089-8C38-8D96A5D4F647}.Release|Any CPU.Build.0 = Release|Any CPU
		{2A55C489-192F-4FC0-8B6E-4D309FCA840C}.Debug|Any CPU.ActiveCfg = Debug|Any CPU
		{2A55C489-192F-4FC0-8B6E-4D309FCA840C}.Debug|Any CPU.Build.0 = Debug|Any CPU
		{2A55C489-192F-4FC0-8B6E-4D309FCA840C}.Release|Any CPU.ActiveCfg = Release|Any CPU
		{2A55C489-192F-4FC0-8B6E-4D309FCA840C}.Release|Any CPU.Build.0 = Release|Any CPU
		{AC2FE504-A159-4285-B439-C182E999DF2A}.Debug|Any CPU.ActiveCfg = Debug|Any CPU
		{AC2FE504-A159-4285-B439-C182E999DF2A}.Debug|Any CPU.Build.0 = Debug|Any CPU
		{AC2FE504-A159-4285-B439-C182E999DF2A}.Release|Any CPU.ActiveCfg = Release|Any CPU
		{AC2FE504-A159-4285-B439-C182E999DF2A}.Release|Any CPU.Build.0 = Release|Any CPU
		{0B60A47D-BD9B-4D1B-939A-E6C73325BC09}.Debug|Any CPU.ActiveCfg = Debug|Any CPU
		{0B60A47D-BD9B-4D1B-939A-E6C73325BC09}.Debug|Any CPU.Build.0 = Debug|Any CPU
		{0B60A47D-BD9B-4D1B-939A-E6C73325BC09}.Release|Any CPU.ActiveCfg = Release|Any CPU
		{0B60A47D-BD9B-4D1B-939A-E6C73325BC09}.Release|Any CPU.Build.0 = Release|Any CPU
		{2527BE8F-3221-43E8-B954-87AF06EC3EB0}.Debug|Any CPU.ActiveCfg = Debug|Any CPU
		{2527BE8F-3221-43E8-B954-87AF06EC3EB0}.Debug|Any CPU.Build.0 = Debug|Any CPU
		{2527BE8F-3221-43E8-B954-87AF06EC3EB0}.Release|Any CPU.ActiveCfg = Release|Any CPU
		{2527BE8F-3221-43E8-B954-87AF06EC3EB0}.Release|Any CPU.Build.0 = Release|Any CPU
	EndGlobalSection
	GlobalSection(SolutionProperties) = preSolution
		HideSolutionNode = FALSE
	EndGlobalSection
	GlobalSection(NestedProjects) = preSolution
		{AC2FE504-A159-4285-B439-C182E999DF2A} = {562E9EBD-E544-4620-A7DA-478856114F15}
		{0B60A47D-BD9B-4D1B-939A-E6C73325BC09} = {562E9EBD-E544-4620-A7DA-478856114F15}
		{2527BE8F-3221-43E8-B954-87AF06EC3EB0} = {562E9EBD-E544-4620-A7DA-478856114F15}
	EndGlobalSection
	GlobalSection(ExtensibilityGlobals) = postSolution
		SolutionGuid = {EE8E2474-0756-48BE-ABAF-EC0469DF0460}
	EndGlobalSection
EndGlobal
